
Microsoft Visual Studio Solution File, Format Version 12.00
# Visual Studio 15
VisualStudioVersion = 15.0.28307.852
MinimumVisualStudioVersion = 10.0.40219.1
Project("{9A19103F-16F7-4668-BE54-9A1E7A4F7556}") = "FShopV2.Base", "..\FShopV2.Base\FShopV2.Base\FShopV2.Base.csproj", "{31CC9711-ABD5-47AF-8626-22AB20E5DF60}"
EndProject
Project("{9A19103F-16F7-4668-BE54-9A1E7A4F7556}") = "FShopV2.Service.Product", "..\FShopV2.Service.Product\FShopV2.Service.Product\FShopV2.Service.Product.csproj", "{323FA436-8607-481C-992A-F4ACD488CAA7}"
EndProject
Project("{9A19103F-16F7-4668-BE54-9A1E7A4F7556}") = "FShopV2.Service.Product.Test", "..\FShopV2.Service.Product\FShopV2.Service.Product.Test\FShopV2.Service.Product.Test\FShopV2.Service.Product.Test.csproj", "{7DF6717A-51F7-49F8-BF3C-0017E7DFE39A}"
EndProject
Project("{9A19103F-16F7-4668-BE54-9A1E7A4F7556}") = "FShopV2.Service.Customers", "..\FShopV2.Service.Customers\FShopV2.Service.Customers\FShopV2.Service.Customers.csproj", "{9C08A2FF-C0F2-4862-80CC-1588A4D8A31C}"
EndProject
Project("{9A19103F-16F7-4668-BE54-9A1E7A4F7556}") = "FShopV2.Service.Order", "..\FShopV2.Service.Order\FShopV2.Service.Order\FShopV2.Service.Order.csproj", "{5B1D2D90-C532-44B6-8BA9-99B10458AFBE}"
EndProject
Project("{9A19103F-16F7-4668-BE54-9A1E7A4F7556}") = "FShopV2.Service.Api", "..\FShopV2.Service.Api\FShopV2.Service.Api\FShopV2.Service.Api.csproj", "{251DB260-F9B4-442C-A21D-6F563F27377E}"
EndProject
Global
	GlobalSection(SolutionConfigurationPlatforms) = preSolution
		Debug|Any CPU = Debug|Any CPU
		Release|Any CPU = Release|Any CPU
	EndGlobalSection
	GlobalSection(ProjectConfigurationPlatforms) = postSolution
		{31CC9711-ABD5-47AF-8626-22AB20E5DF60}.Debug|Any CPU.ActiveCfg = Debug|Any CPU
		{31CC9711-ABD5-47AF-8626-22AB20E5DF60}.Debug|Any CPU.Build.0 = Debug|Any CPU
		{31CC9711-ABD5-47AF-8626-22AB20E5DF60}.Release|Any CPU.ActiveCfg = Release|Any CPU
		{31CC9711-ABD5-47AF-8626-22AB20E5DF60}.Release|Any CPU.Build.0 = Release|Any CPU
		{323FA436-8607-481C-992A-F4ACD488CAA7}.Debug|Any CPU.ActiveCfg = Debug|Any CPU
		{323FA436-8607-481C-992A-F4ACD488CAA7}.Debug|Any CPU.Build.0 = Debug|Any CPU
		{323FA436-8607-481C-992A-F4ACD488CAA7}.Release|Any CPU.ActiveCfg = Release|Any CPU
		{323FA436-8607-481C-992A-F4ACD488CAA7}.Release|Any CPU.Build.0 = Release|Any CPU
		{7DF6717A-51F7-49F8-BF3C-0017E7DFE39A}.Debug|Any CPU.ActiveCfg = Debug|Any CPU
		{7DF6717A-51F7-49F8-BF3C-0017E7DFE39A}.Debug|Any CPU.Build.0 = Debug|Any CPU
		{7DF6717A-51F7-49F8-BF3C-0017E7DFE39A}.Release|Any CPU.ActiveCfg = Release|Any CPU
		{7DF6717A-51F7-49F8-BF3C-0017E7DFE39A}.Release|Any CPU.Build.0 = Release|Any CPU
		{9C08A2FF-C0F2-4862-80CC-1588A4D8A31C}.Debug|Any CPU.ActiveCfg = Debug|Any CPU
		{9C08A2FF-C0F2-4862-80CC-1588A4D8A31C}.Debug|Any CPU.Build.0 = Debug|Any CPU
		{9C08A2FF-C0F2-4862-80CC-1588A4D8A31C}.Release|Any CPU.ActiveCfg = Release|Any CPU
		{9C08A2FF-C0F2-4862-80CC-1588A4D8A31C}.Release|Any CPU.Build.0 = Release|Any CPU
		{5B1D2D90-C532-44B6-8BA9-99B10458AFBE}.Debug|Any CPU.ActiveCfg = Debug|Any CPU
		{5B1D2D90-C532-44B6-8BA9-99B10458AFBE}.Debug|Any CPU.Build.0 = Debug|Any CPU
		{5B1D2D90-C532-44B6-8BA9-99B10458AFBE}.Release|Any CPU.ActiveCfg = Release|Any CPU
		{5B1D2D90-C532-44B6-8BA9-99B10458AFBE}.Release|Any CPU.Build.0 = Release|Any CPU
		{251DB260-F9B4-442C-A21D-6F563F27377E}.Debug|Any CPU.ActiveCfg = Debug|Any CPU
		{251DB260-F9B4-442C-A21D-6F563F27377E}.Debug|Any CPU.Build.0 = Debug|Any CPU
		{251DB260-F9B4-442C-A21D-6F563F27377E}.Release|Any CPU.ActiveCfg = Release|Any CPU
		{251DB260-F9B4-442C-A21D-6F563F27377E}.Release|Any CPU.Build.0 = Release|Any CPU
	EndGlobalSection
	GlobalSection(SolutionProperties) = preSolution
		HideSolutionNode = FALSE
	EndGlobalSection
	GlobalSection(ExtensibilityGlobals) = postSolution
		SolutionGuid = {9694A8BB-34EC-47A9-ABA6-3ADE4200F937}
	EndGlobalSection
EndGlobal
