
Microsoft Visual Studio Solution File, Format Version 12.00
# Visual Studio 15
VisualStudioVersion = 15.0.28307.779
MinimumVisualStudioVersion = 10.0.40219.1
Project("{FAE04EC0-301F-11D3-BF4B-00C04F79EFBC}") = "FShopV2.Base.Test", "FShopV2.Base.Test\FShopV2.Base.Test.csproj", "{C54357AE-7CE8-4958-B5F3-A197EE1014C0}"
EndProject
Global
	GlobalSection(SolutionConfigurationPlatforms) = preSolution
		Debug|Any CPU = Debug|Any CPU
		Release|Any CPU = Release|Any CPU
	EndGlobalSection
	GlobalSection(ProjectConfigurationPlatforms) = postSolution
		{C54357AE-7CE8-4958-B5F3-A197EE1014C0}.Debug|Any CPU.ActiveCfg = Debug|Any CPU
		{C54357AE-7CE8-4958-B5F3-A197EE1014C0}.Debug|Any CPU.Build.0 = Debug|Any CPU
		{C54357AE-7CE8-4958-B5F3-A197EE1014C0}.Release|Any CPU.ActiveCfg = Release|Any CPU
		{C54357AE-7CE8-4958-B5F3-A197EE1014C0}.Release|Any CPU.Build.0 = Release|Any CPU
	EndGlobalSection
	GlobalSection(SolutionProperties) = preSolution
		HideSolutionNode = FALSE
	EndGlobalSection
	GlobalSection(ExtensibilityGlobals) = postSolution
		SolutionGuid = {EDEF5AD4-90E9-4E1F-8D3B-65835F153DB5}
	EndGlobalSection
EndGlobal
