
Microsoft Visual Studio Solution File, Format Version 12.00
# Visual Studio 15
VisualStudioVersion = 15.0.28307.779
MinimumVisualStudioVersion = 10.0.40219.1
Project("{FAE04EC0-301F-11D3-BF4B-00C04F79EFBC}") = "FShopV2.Service.Customers", "FShopV2.Service.Customers\FShopV2.Service.Customers.csproj", "{AD21E62C-4A8F-4979-BC2B-850DA9F3A57E}"
EndProject
Global
	GlobalSection(SolutionConfigurationPlatforms) = preSolution
		Debug|Any CPU = Debug|Any CPU
		Release|Any CPU = Release|Any CPU
	EndGlobalSection
	GlobalSection(ProjectConfigurationPlatforms) = postSolution
		{AD21E62C-4A8F-4979-BC2B-850DA9F3A57E}.Debug|Any CPU.ActiveCfg = Debug|Any CPU
		{AD21E62C-4A8F-4979-BC2B-850DA9F3A57E}.Debug|Any CPU.Build.0 = Debug|Any CPU
		{AD21E62C-4A8F-4979-BC2B-850DA9F3A57E}.Release|Any CPU.ActiveCfg = Release|Any CPU
		{AD21E62C-4A8F-4979-BC2B-850DA9F3A57E}.Release|Any CPU.Build.0 = Release|Any CPU
	EndGlobalSection
	GlobalSection(SolutionProperties) = preSolution
		HideSolutionNode = FALSE
	EndGlobalSection
	GlobalSection(ExtensibilityGlobals) = postSolution
		SolutionGuid = {990C13B9-9454-46CB-AB8C-D9F6CE2E6E2E}
	EndGlobalSection
EndGlobal
